
Microsoft Visual Studio Solution File, Format Version 12.00
# Visual Studio Version 17
VisualStudioVersion = 17.11.35327.3
MinimumVisualStudioVersion = 10.0.40219.1
Project("{9A19103F-16F7-4668-BE54-9A1E7A4F7556}") = "Stage0", "Stage0\Stage0.csproj", "{0EB2275C-994B-441F-95E4-247B4D81D07D}"
EndProject
Project("{2150E333-8FDC-42A3-9474-1A3956D46DE8}") = "Solution Items", "Solution Items", "{77347D3D-5D97-48BB-B2B2-FBA2404C3E61}"
	ProjectSection(SolutionItems) = preProject
		..\README.md = ..\README.md
	EndProjectSection
EndProject
Project("{9A19103F-16F7-4668-BE54-9A1E7A4F7556}") = "DalFacade", "DalFacade\DalFacade.csproj", "{4309411F-969A-42E1-86C9-BA9A77F1F0E7}"
EndProject
Project("{9A19103F-16F7-4668-BE54-9A1E7A4F7556}") = "DalList", "DalList\DalList.csproj", "{422EA3D2-91D3-47E5-8F66-EDFEA2BED42F}"
EndProject
Project("{9A19103F-16F7-4668-BE54-9A1E7A4F7556}") = "DalTest", "DalTest\DalTest.csproj", "{774B5630-04C7-4BAC-8251-F8E13F47136C}"
EndProject
Project("{9A19103F-16F7-4668-BE54-9A1E7A4F7556}") = "DalXml", "DalXml\DalXml.csproj", "{02B4F939-E80F-4BE5-BD16-21FABB20AA2B}"
EndProject
Project("{2150E333-8FDC-42A3-9474-1A3956D46DE8}") = "xml", "xml", "{2D1536E6-9F68-4A0E-A3E8-C5B576584C56}"
	ProjectSection(SolutionItems) = preProject
		xml\assignments.xml = xml\assignments.xml
		xml\calls.xml = xml\calls.xml
		xml\dal-config.xml = xml\dal-config.xml
		xml\data-config.xml = xml\data-config.xml
		xml\volunteers.xml = xml\volunteers.xml
	EndProjectSection
EndProject
Project("{9A19103F-16F7-4668-BE54-9A1E7A4F7556}") = "BL", "BL\BL.csproj", "{ADDF02ED-5A23-499F-8DBB-658480497FD9}"
EndProject
Project("{9A19103F-16F7-4668-BE54-9A1E7A4F7556}") = "BlTest", "BlTest\BlTest.csproj", "{C1DB0CFD-8D7F-4E3B-AF12-6624208D259B}"
EndProject
Project("{FAE04EC0-301F-11D3-BF4B-00C04F79EFBC}") = "PL", "PL\PL.csproj", "{8E811980-793D-4783-A380-01F6DA026C5F}"
EndProject
Global
	GlobalSection(SolutionConfigurationPlatforms) = preSolution
		Debug|Any CPU = Debug|Any CPU
		Release|Any CPU = Release|Any CPU
	EndGlobalSection
	GlobalSection(ProjectConfigurationPlatforms) = postSolution
		{0EB2275C-994B-441F-95E4-247B4D81D07D}.Debug|Any CPU.ActiveCfg = Debug|Any CPU
		{0EB2275C-994B-441F-95E4-247B4D81D07D}.Debug|Any CPU.Build.0 = Debug|Any CPU
		{0EB2275C-994B-441F-95E4-247B4D81D07D}.Release|Any CPU.ActiveCfg = Release|Any CPU
		{0EB2275C-994B-441F-95E4-247B4D81D07D}.Release|Any CPU.Build.0 = Release|Any CPU
		{4309411F-969A-42E1-86C9-BA9A77F1F0E7}.Debug|Any CPU.ActiveCfg = Debug|Any CPU
		{4309411F-969A-42E1-86C9-BA9A77F1F0E7}.Debug|Any CPU.Build.0 = Debug|Any CPU
		{4309411F-969A-42E1-86C9-BA9A77F1F0E7}.Release|Any CPU.ActiveCfg = Release|Any CPU
		{4309411F-969A-42E1-86C9-BA9A77F1F0E7}.Release|Any CPU.Build.0 = Release|Any CPU
		{422EA3D2-91D3-47E5-8F66-EDFEA2BED42F}.Debug|Any CPU.ActiveCfg = Debug|Any CPU
		{422EA3D2-91D3-47E5-8F66-EDFEA2BED42F}.Debug|Any CPU.Build.0 = Debug|Any CPU
		{422EA3D2-91D3-47E5-8F66-EDFEA2BED42F}.Release|Any CPU.ActiveCfg = Release|Any CPU
		{422EA3D2-91D3-47E5-8F66-EDFEA2BED42F}.Release|Any CPU.Build.0 = Release|Any CPU
		{774B5630-04C7-4BAC-8251-F8E13F47136C}.Debug|Any CPU.ActiveCfg = Debug|Any CPU
		{774B5630-04C7-4BAC-8251-F8E13F47136C}.Debug|Any CPU.Build.0 = Debug|Any CPU
		{774B5630-04C7-4BAC-8251-F8E13F47136C}.Release|Any CPU.ActiveCfg = Release|Any CPU
		{774B5630-04C7-4BAC-8251-F8E13F47136C}.Release|Any CPU.Build.0 = Release|Any CPU
		{02B4F939-E80F-4BE5-BD16-21FABB20AA2B}.Debug|Any CPU.ActiveCfg = Debug|Any CPU
		{02B4F939-E80F-4BE5-BD16-21FABB20AA2B}.Debug|Any CPU.Build.0 = Debug|Any CPU
		{02B4F939-E80F-4BE5-BD16-21FABB20AA2B}.Release|Any CPU.ActiveCfg = Release|Any CPU
		{02B4F939-E80F-4BE5-BD16-21FABB20AA2B}.Release|Any CPU.Build.0 = Release|Any CPU
		{ADDF02ED-5A23-499F-8DBB-658480497FD9}.Debug|Any CPU.ActiveCfg = Debug|Any CPU
		{ADDF02ED-5A23-499F-8DBB-658480497FD9}.Debug|Any CPU.Build.0 = Debug|Any CPU
		{ADDF02ED-5A23-499F-8DBB-658480497FD9}.Release|Any CPU.ActiveCfg = Release|Any CPU
		{ADDF02ED-5A23-499F-8DBB-658480497FD9}.Release|Any CPU.Build.0 = Release|Any CPU
		{C1DB0CFD-8D7F-4E3B-AF12-6624208D259B}.Debug|Any CPU.ActiveCfg = Debug|Any CPU
		{C1DB0CFD-8D7F-4E3B-AF12-6624208D259B}.Debug|Any CPU.Build.0 = Debug|Any CPU
		{C1DB0CFD-8D7F-4E3B-AF12-6624208D259B}.Release|Any CPU.ActiveCfg = Release|Any CPU
		{C1DB0CFD-8D7F-4E3B-AF12-6624208D259B}.Release|Any CPU.Build.0 = Release|Any CPU
		{8E811980-793D-4783-A380-01F6DA026C5F}.Debug|Any CPU.ActiveCfg = Debug|Any CPU
		{8E811980-793D-4783-A380-01F6DA026C5F}.Debug|Any CPU.Build.0 = Debug|Any CPU
		{8E811980-793D-4783-A380-01F6DA026C5F}.Release|Any CPU.ActiveCfg = Release|Any CPU
		{8E811980-793D-4783-A380-01F6DA026C5F}.Release|Any CPU.Build.0 = Release|Any CPU
	EndGlobalSection
	GlobalSection(SolutionProperties) = preSolution
		HideSolutionNode = FALSE
	EndGlobalSection
	GlobalSection(ExtensibilityGlobals) = postSolution
		SolutionGuid = {A118292C-185C-4206-81C8-F0CC7C960188}
	EndGlobalSection
EndGlobal
